
Microsoft Visual Studio Solution File, Format Version 12.00
# Visual Studio Version 16
VisualStudioVersion = 16.0.30804.86
MinimumVisualStudioVersion = 10.0.40219.1
Project("{9A19103F-16F7-4668-BE54-9A1E7A4F7556}") = "FinalMVC", "FinalMVC\FinalMVC.csproj", "{E58752F3-201C-4446-8AB4-14224322019E}"
EndProject
Global
	GlobalSection(SolutionConfigurationPlatforms) = preSolution
		Debug|Any CPU = Debug|Any CPU
		Release|Any CPU = Release|Any CPU
	EndGlobalSection
	GlobalSection(ProjectConfigurationPlatforms) = postSolution
		{E58752F3-201C-4446-8AB4-14224322019E}.Debug|Any CPU.ActiveCfg = Debug|Any CPU
		{E58752F3-201C-4446-8AB4-14224322019E}.Debug|Any CPU.Build.0 = Debug|Any CPU
		{E58752F3-201C-4446-8AB4-14224322019E}.Release|Any CPU.ActiveCfg = Release|Any CPU
		{E58752F3-201C-4446-8AB4-14224322019E}.Release|Any CPU.Build.0 = Release|Any CPU
	EndGlobalSection
	GlobalSection(SolutionProperties) = preSolution
		HideSolutionNode = FALSE
	EndGlobalSection
	GlobalSection(ExtensibilityGlobals) = postSolution
		SolutionGuid = {72ECFEAD-CABE-4250-BB0E-2B2437AF793E}
	EndGlobalSection
EndGlobal
